<?xml version="1.0" encoding="utf-8"?>
<Project ToolsVersion="4.0" xmlns="http://schemas.microsoft.com/developer/msbuild/2003">
  <ItemGroup>
    <Filter Include="Header Files">
      <UniqueIdentifier>{93995380-89BD-4b04-88EB-625FBE52EBFB}</UniqueIdentifier>
      <Extensions>h;hpp;hxx;hm;inl;inc;xsd</Extensions>
    </Filter>
    <Filter Include="Resource Files">
      <UniqueIdentifier>{67DA6AB6-F800-4c08-8B7A-83BB121AAD01}</UniqueIdentifier>
      <Extensions>rc;ico;cur;bmp;dlg;rc2;rct;bin;rgs;gif;jpg;jpeg;jpe;resx</Extensions>
    </Filter>
    <Filter Include="Source Files">
      <UniqueIdentifier>{4FC737F1-C7A5-4376-A066-2A32D752A2FF}</UniqueIdentifier>
      <Extensions>cpp;c;cxx;def;odl;idl;hpj;bat;asm;asmx</Extensions>
    </Filter>
  </ItemGroup>
  <ItemGroup>
    <ClCompile Include="ManagerCommHandler.cc">
      <Filter>Source Files</Filter>
    </ClCompile>
    <ClCompile Include="MetaModel.cc">
      <Filter>Source Files</Filter>
    </ClCompile>
    <ClCompile Include="PluginImplementer.cc">
      <Filter>Source Files</Filter>
    </ClCompile>
    <ClCompile Include="TLMClientComm.cc">
      <Filter>Source Files</Filter>
    </ClCompile>
    <ClCompile Include="TLMCommUtil.cc">
      <Filter>Source Files</Filter>
    </ClCompile>
    <ClCompile Include="TLMErrorLog.cc">
      <Filter>Source Files</Filter>
    </ClCompile>
    <ClCompile Include="TLMInterface.cc">
      <Filter>Source Files</Filter>
    </ClCompile>
    <ClCompile Include="TLMManagerComm.cc">
      <Filter>Source Files</Filter>
    </ClCompile>
    <ClCompile Include="TLMMessageQueue.cc">
      <Filter>Source Files</Filter>
    </ClCompile>
    <ClCompile Include="TLMPlugin.cc">
      <Filter>Source Files</Filter>
    </ClCompile>
  </ItemGroup>
  <ItemGroup>
    <None Include="Makefile">
      <Filter>Header Files</Filter>
    </None>
    <None Include="ReadMe.txt" />
  </ItemGroup>
  <ItemGroup>
    <ClInclude Include="ManagerCommHandler.h">
      <Filter>Header Files</Filter>
    </ClInclude>
    <ClInclude Include="MetaModel.h">
      <Filter>Header Files</Filter>
    </ClInclude>
    <ClInclude Include="MetaModelReader.h">
      <Filter>Header Files</Filter>
    </ClInclude>
    <ClInclude Include="PluginImplementer.h">
      <Filter>Header Files</Filter>
    </ClInclude>
    <ClInclude Include="TLMCalcData.h">
      <Filter>Header Files</Filter>
    </ClInclude>
    <ClInclude Include="TLMClientComm.h">
      <Filter>Header Files</Filter>
    </ClInclude>
    <ClInclude Include="TLMCommUtil.h">
      <Filter>Header Files</Filter>
    </ClInclude>
    <ClInclude Include="TLMErrorLog.h">
      <Filter>Header Files</Filter>
    </ClInclude>
    <ClInclude Include="TLMInterface.h">
      <Filter>Header Files</Filter>
    </ClInclude>
    <ClInclude Include="TLMManagerComm.h">
      <Filter>Header Files</Filter>
    </ClInclude>
    <ClInclude Include="TLMMessageQueue.h">
      <Filter>Header Files</Filter>
    </ClInclude>
    <ClInclude Include="TLMPlugin.h">
      <Filter>Header Files</Filter>
    </ClInclude>
  </ItemGroup>
</Project>